
Microsoft Visual Studio Solution File, Format Version 12.00
# Visual Studio Version 17
VisualStudioVersion = 17.9.34728.123
MinimumVisualStudioVersion = 10.0.40219.1
Project("{FAE04EC0-301F-11D3-BF4B-00C04F79EFBC}") = "NebulaBot", "NebulaBot\NebulaBot.csproj", "{BAF638AA-328D-4E5E-891C-29E7ED13E671}"
EndProject
Global
	GlobalSection(SolutionConfigurationPlatforms) = preSolution
		Debug|Any CPU = Debug|Any CPU
		Release|Any CPU = Release|Any CPU
	EndGlobalSection
	GlobalSection(ProjectConfigurationPlatforms) = postSolution
		{BAF638AA-328D-4E5E-891C-29E7ED13E671}.Debug|Any CPU.ActiveCfg = Debug|Any CPU
		{BAF638AA-328D-4E5E-891C-29E7ED13E671}.Debug|Any CPU.Build.0 = Debug|Any CPU
		{BAF638AA-328D-4E5E-891C-29E7ED13E671}.Release|Any CPU.ActiveCfg = Release|Any CPU
		{BAF638AA-328D-4E5E-891C-29E7ED13E671}.Release|Any CPU.Build.0 = Release|Any CPU
	EndGlobalSection
	GlobalSection(SolutionProperties) = preSolution
		HideSolutionNode = FALSE
	EndGlobalSection
	GlobalSection(ExtensibilityGlobals) = postSolution
		SolutionGuid = {D78BEF11-C45C-476A-A272-1404A04780BF}
	EndGlobalSection
EndGlobal
